
Microsoft Visual Studio Solution File, Format Version 12.00
# Visual Studio 15
VisualStudioVersion = 15.0.26730.12
MinimumVisualStudioVersion = 10.0.40219.1
Project("{FAE04EC0-301F-11D3-BF4B-00C04F79EFBC}") = "BestPurchase.ServiceLayer", "BestPurchase\BestPurchase.ServiceLayer.csproj", "{8740C967-05AE-4F60-8728-1117C3A5EAA2}"
EndProject
Project("{00D1A9C2-B5F0-4AF3-8072-F6C62B433612}") = "BestPurchase.DataProject", "BestPurchase.DataProject\BestPurchase.DataProject.sqlproj", "{8B3C0C9A-1DA1-43AB-9F7D-A59DBF8EE674}"
EndProject
Project("{FAE04EC0-301F-11D3-BF4B-00C04F79EFBC}") = "BestPurchase.DataModel", "BestPurchase.DataModel\BestPurchase.DataModel.csproj", "{3C075CEE-5585-4FCF-8F01-68AE1FA66623}"
EndProject
Project("{FAE04EC0-301F-11D3-BF4B-00C04F79EFBC}") = "BestPurchase.DAL", "BestPurchase.DAL\BestPurchase.DAL.csproj", "{2580BDC1-350D-4720-9236-577F75CF84C0}"
EndProject
Project("{FAE04EC0-301F-11D3-BF4B-00C04F79EFBC}") = "BestPurchase.MiddleLayer", "BestPurchase.MiddleLayer\BestPurchase.MiddleLayer.csproj", "{032D5830-9D4B-4281-9AFC-532C2F5017EF}"
EndProject
Project("{FAE04EC0-301F-11D3-BF4B-00C04F79EFBC}") = "BestPurchase.MiddleLayer.Tests", "BestPurchase.MiddleLayer.Tests\BestPurchase.MiddleLayer.Tests.csproj", "{FE177095-3AB0-400D-8B7B-C9A814864052}"
EndProject
Project("{FAE04EC0-301F-11D3-BF4B-00C04F79EFBC}") = "BestPurchase.Utils", "BestPurchase.Utils\BestPurchase.Utils.csproj", "{AC356933-1566-4AC8-9831-8967B986571C}"
EndProject
Global
	GlobalSection(SolutionConfigurationPlatforms) = preSolution
		Debug|Any CPU = Debug|Any CPU
		Release|Any CPU = Release|Any CPU
	EndGlobalSection
	GlobalSection(ProjectConfigurationPlatforms) = postSolution
		{8740C967-05AE-4F60-8728-1117C3A5EAA2}.Debug|Any CPU.ActiveCfg = Debug|Any CPU
		{8740C967-05AE-4F60-8728-1117C3A5EAA2}.Debug|Any CPU.Build.0 = Debug|Any CPU
		{8740C967-05AE-4F60-8728-1117C3A5EAA2}.Release|Any CPU.ActiveCfg = Release|Any CPU
		{8740C967-05AE-4F60-8728-1117C3A5EAA2}.Release|Any CPU.Build.0 = Release|Any CPU
		{8B3C0C9A-1DA1-43AB-9F7D-A59DBF8EE674}.Debug|Any CPU.ActiveCfg = Debug|Any CPU
		{8B3C0C9A-1DA1-43AB-9F7D-A59DBF8EE674}.Debug|Any CPU.Build.0 = Debug|Any CPU
		{8B3C0C9A-1DA1-43AB-9F7D-A59DBF8EE674}.Debug|Any CPU.Deploy.0 = Debug|Any CPU
		{8B3C0C9A-1DA1-43AB-9F7D-A59DBF8EE674}.Release|Any CPU.ActiveCfg = Release|Any CPU
		{8B3C0C9A-1DA1-43AB-9F7D-A59DBF8EE674}.Release|Any CPU.Build.0 = Release|Any CPU
		{8B3C0C9A-1DA1-43AB-9F7D-A59DBF8EE674}.Release|Any CPU.Deploy.0 = Release|Any CPU
		{3C075CEE-5585-4FCF-8F01-68AE1FA66623}.Debug|Any CPU.ActiveCfg = Debug|Any CPU
		{3C075CEE-5585-4FCF-8F01-68AE1FA66623}.Debug|Any CPU.Build.0 = Debug|Any CPU
		{3C075CEE-5585-4FCF-8F01-68AE1FA66623}.Release|Any CPU.ActiveCfg = Release|Any CPU
		{3C075CEE-5585-4FCF-8F01-68AE1FA66623}.Release|Any CPU.Build.0 = Release|Any CPU
		{2580BDC1-350D-4720-9236-577F75CF84C0}.Debug|Any CPU.ActiveCfg = Debug|Any CPU
		{2580BDC1-350D-4720-9236-577F75CF84C0}.Debug|Any CPU.Build.0 = Debug|Any CPU
		{2580BDC1-350D-4720-9236-577F75CF84C0}.Release|Any CPU.ActiveCfg = Release|Any CPU
		{2580BDC1-350D-4720-9236-577F75CF84C0}.Release|Any CPU.Build.0 = Release|Any CPU
		{032D5830-9D4B-4281-9AFC-532C2F5017EF}.Debug|Any CPU.ActiveCfg = Debug|Any CPU
		{032D5830-9D4B-4281-9AFC-532C2F5017EF}.Debug|Any CPU.Build.0 = Debug|Any CPU
		{032D5830-9D4B-4281-9AFC-532C2F5017EF}.Release|Any CPU.ActiveCfg = Release|Any CPU
		{032D5830-9D4B-4281-9AFC-532C2F5017EF}.Release|Any CPU.Build.0 = Release|Any CPU
		{FE177095-3AB0-400D-8B7B-C9A814864052}.Debug|Any CPU.ActiveCfg = Debug|Any CPU
		{FE177095-3AB0-400D-8B7B-C9A814864052}.Debug|Any CPU.Build.0 = Debug|Any CPU
		{FE177095-3AB0-400D-8B7B-C9A814864052}.Release|Any CPU.ActiveCfg = Release|Any CPU
		{FE177095-3AB0-400D-8B7B-C9A814864052}.Release|Any CPU.Build.0 = Release|Any CPU
		{AC356933-1566-4AC8-9831-8967B986571C}.Debug|Any CPU.ActiveCfg = Debug|Any CPU
		{AC356933-1566-4AC8-9831-8967B986571C}.Debug|Any CPU.Build.0 = Debug|Any CPU
		{AC356933-1566-4AC8-9831-8967B986571C}.Release|Any CPU.ActiveCfg = Release|Any CPU
		{AC356933-1566-4AC8-9831-8967B986571C}.Release|Any CPU.Build.0 = Release|Any CPU
	EndGlobalSection
	GlobalSection(SolutionProperties) = preSolution
		HideSolutionNode = FALSE
	EndGlobalSection
	GlobalSection(ExtensibilityGlobals) = postSolution
		SolutionGuid = {DD72DFB6-9A39-42CE-A847-E0C17580FEDA}
	EndGlobalSection
EndGlobal
